
Microsoft Visual Studio Solution File, Format Version 12.00
# Visual Studio Version 17
VisualStudioVersion = 17.12.35527.113
MinimumVisualStudioVersion = 10.0.40219.1
Project("{2150E333-8FDC-42A3-9474-1A3956D46DE8}") = "NP.BreakeService", "NP.BreakeService", "{C24B1FB5-75E5-4027-95C4-89C9E480CEB6}"
EndProject
Project("{2150E333-8FDC-42A3-9474-1A3956D46DE8}") = "NP.PrsService", "NP.PrsService", "{14EFAFEB-04CD-46F7-B636-C2ADE5A24844}"
EndProject
Project("{2150E333-8FDC-42A3-9474-1A3956D46DE8}") = "NP.BdmHostService", "NP.BdmHostService", "{FAADF3AE-7FE9-49B8-A974-C14CB2D40FEE}"
EndProject
Project("{2150E333-8FDC-42A3-9474-1A3956D46DE8}") = "NP.PrsHostService", "NP.PrsHostService", "{57930BA4-6209-41C7-A2F3-226FBF34CC0A}"
EndProject
Project("{2150E333-8FDC-42A3-9474-1A3956D46DE8}") = "GM.EFCore", "GM.EFCore", "{260A73ED-4257-4F69-B477-F4523B4A82AB}"
EndProject
Project("{FAE04EC0-301F-11D3-BF4B-00C04F79EFBC}") = "GM.EFCore.Interfaces.Entities", "GM.EFCore\GM.EFCore.Interfaces.Entities\GM.EFCore.Interfaces.Entities.csproj", "{0371BCCC-3C88-4E6B-BA1B-2604BC0B217B}"
EndProject
Project("{FAE04EC0-301F-11D3-BF4B-00C04F79EFBC}") = "GM.EFCore.Entities.Base", "GM.EFCore\GM.EFCore.Entities.Base\GM.EFCore.Entities.Base.csproj", "{DCFC2B5B-E199-4BCD-A1EC-59DE2B9895AB}"
EndProject
Project("{FAE04EC0-301F-11D3-BF4B-00C04F79EFBC}") = "GM.EFCore.Interfaces.Repositories", "GM.EFCore\GM.EFCore.Interfaces.Repositories\GM.EFCore.Interfaces.Repositories.csproj", "{CEB4D031-8012-4ED1-B106-82A14E7DD039}"
EndProject
Project("{FAE04EC0-301F-11D3-BF4B-00C04F79EFBC}") = "GM.EFCore.Repositories.Base", "GM.EFCore\GM.EFCore.Repositories.Base\GM.EFCore.Repositories.Base.csproj", "{285BDCF5-F6A6-4BEE-ABF8-0193883929E7}"
EndProject
Global
	GlobalSection(SolutionConfigurationPlatforms) = preSolution
		Debug|Any CPU = Debug|Any CPU
		Release|Any CPU = Release|Any CPU
	EndGlobalSection
	GlobalSection(ProjectConfigurationPlatforms) = postSolution
		{0371BCCC-3C88-4E6B-BA1B-2604BC0B217B}.Debug|Any CPU.ActiveCfg = Debug|Any CPU
		{0371BCCC-3C88-4E6B-BA1B-2604BC0B217B}.Debug|Any CPU.Build.0 = Debug|Any CPU
		{0371BCCC-3C88-4E6B-BA1B-2604BC0B217B}.Release|Any CPU.ActiveCfg = Release|Any CPU
		{0371BCCC-3C88-4E6B-BA1B-2604BC0B217B}.Release|Any CPU.Build.0 = Release|Any CPU
		{DCFC2B5B-E199-4BCD-A1EC-59DE2B9895AB}.Debug|Any CPU.ActiveCfg = Debug|Any CPU
		{DCFC2B5B-E199-4BCD-A1EC-59DE2B9895AB}.Debug|Any CPU.Build.0 = Debug|Any CPU
		{DCFC2B5B-E199-4BCD-A1EC-59DE2B9895AB}.Release|Any CPU.ActiveCfg = Release|Any CPU
		{DCFC2B5B-E199-4BCD-A1EC-59DE2B9895AB}.Release|Any CPU.Build.0 = Release|Any CPU
		{CEB4D031-8012-4ED1-B106-82A14E7DD039}.Debug|Any CPU.ActiveCfg = Debug|Any CPU
		{CEB4D031-8012-4ED1-B106-82A14E7DD039}.Debug|Any CPU.Build.0 = Debug|Any CPU
		{CEB4D031-8012-4ED1-B106-82A14E7DD039}.Release|Any CPU.ActiveCfg = Release|Any CPU
		{CEB4D031-8012-4ED1-B106-82A14E7DD039}.Release|Any CPU.Build.0 = Release|Any CPU
		{285BDCF5-F6A6-4BEE-ABF8-0193883929E7}.Debug|Any CPU.ActiveCfg = Debug|Any CPU
		{285BDCF5-F6A6-4BEE-ABF8-0193883929E7}.Debug|Any CPU.Build.0 = Debug|Any CPU
		{285BDCF5-F6A6-4BEE-ABF8-0193883929E7}.Release|Any CPU.ActiveCfg = Release|Any CPU
		{285BDCF5-F6A6-4BEE-ABF8-0193883929E7}.Release|Any CPU.Build.0 = Release|Any CPU
	EndGlobalSection
	GlobalSection(SolutionProperties) = preSolution
		HideSolutionNode = FALSE
	EndGlobalSection
	GlobalSection(NestedProjects) = preSolution
		{0371BCCC-3C88-4E6B-BA1B-2604BC0B217B} = {260A73ED-4257-4F69-B477-F4523B4A82AB}
		{DCFC2B5B-E199-4BCD-A1EC-59DE2B9895AB} = {260A73ED-4257-4F69-B477-F4523B4A82AB}
		{CEB4D031-8012-4ED1-B106-82A14E7DD039} = {260A73ED-4257-4F69-B477-F4523B4A82AB}
		{285BDCF5-F6A6-4BEE-ABF8-0193883929E7} = {260A73ED-4257-4F69-B477-F4523B4A82AB}
	EndGlobalSection
EndGlobal
